{
  "name": "SmartPOS-AppMobil-Android-Individual-Sistema-de-Gesti-n-Comercial",
  "lockfileVersion": 3,
  "requires": true,
  "packages": {
    "": {
      "dependencies": {
        "@capacitor/android": "^7.4.5"
      }
    },
    "node_modules/@capacitor/android": {
      "version": "7.4.5",
      "resolved": "https://registry.npmjs.org/@capacitor/android/-/android-7.4.5.tgz",
      "integrity": "sha512-G76C+PGIFkG+hxj6JLlY003txRaGZwsXBPo4b4xiZMZaD6DG++sDCoumYl/5xL40dL2b8P5tb3CKf/khWyL2Gw==",
      "license": "MIT",
      "peerDependencies": {
        "@capacitor/core": "^7.4.0"
      }
    },
    "node_modules/@capacitor/core": {
      "version": "7.4.5",
      "resolved": "https://registry.npmjs.org/@capacitor/core/-/core-7.4.5.tgz",
      "integrity": "sha512-JnUywi0WRbqm4QYoplNsMQ7KAVuyrQFha0dOH9YDVCyrVHUvPcvrnK+9j5elUMgy+pOh3ve+pk6BVoySr91c+A==",
      "license": "MIT",
      "peer": true,
      "dependencies": {
        "tslib": "^2.1.0"
      }
    },
    "node_modules/tslib": {
      "version": "2.8.1",
      "resolved": "https://registry.npmjs.org/tslib/-/tslib-2.8.1.tgz",
      "integrity": "sha512-oJFu94HQb+KVduSUQL7wnpmqnfmLsOA/nAh6b6EH0wCEoK0/mPeXU6c3wKDV83MkOuHPRHtSXKKU99IBazS/2w==",
      "license": "0BSD"
    }
  }
}
